// !$*UTF8*$!
{
	archiveVersion = 1;
	classes = {
	};
	objectVersion = 50;
	objects = {

/* Begin PBXBuildFile section */
		839272DA26E63FBB002553BE /* AppDelegate.swift in Sources */ = {isa = PBXBuildFile; fileRef = 839272D926E63FBB002553BE /* AppDelegate.swift */; };
		839272DC26E63FBB002553BE /* SceneDelegate.swift in Sources */ = {isa = PBXBuildFile; fileRef = 839272DB26E63FBB002553BE /* SceneDelegate.swift */; };
		839272DE26E63FBB002553BE /* ViewController.swift in Sources */ = {isa = PBXBuildFile; fileRef = 839272DD26E63FBB002553BE /* ViewController.swift */; };
		839272E126E63FBB002553BE /* Main.storyboard in Resources */ = {isa = PBXBuildFile; fileRef = 839272DF26E63FBB002553BE /* Main.storyboard */; };
		839272E326E63FBD002553BE /* Assets.xcassets in Resources */ = {isa = PBXBuildFile; fileRef = 839272E226E63FBD002553BE /* Assets.xcassets */; };
		839272E626E63FBD002553BE /* LaunchScreen.storyboard in Resources */ = {isa = PBXBuildFile; fileRef = 839272E426E63FBD002553BE /* LaunchScreen.storyboard */; };
		839272F126E75038002553BE /* InfoViewController.swift in Sources */ = {isa = PBXBuildFile; fileRef = 839272F026E75038002553BE /* InfoViewController.swift */; };
		839272FB26E78FAE002553BE /* EstimateViewController.swift in Sources */ = {isa = PBXBuildFile; fileRef = 839272FA26E78FAE002553BE /* EstimateViewController.swift */; };
		8392730326E79A5D002553BE /* MyDayViewController.swift in Sources */ = {isa = PBXBuildFile; fileRef = 8392730226E79A5D002553BE /* MyDayViewController.swift */; };
		8392731226E95006002553BE /* ExerciseViewController.swift in Sources */ = {isa = PBXBuildFile; fileRef = 8392731126E95006002553BE /* ExerciseViewController.swift */; };
		8392731826EA2F61002553BE /* Calories.swift in Sources */ = {isa = PBXBuildFile; fileRef = 8392731726EA2F61002553BE /* Calories.swift */; };
		8392731C26EA349B002553BE /* CalculatorBrain.swift in Sources */ = {isa = PBXBuildFile; fileRef = 8392731B26EA349B002553BE /* CalculatorBrain.swift */; };
		8392732126EBEC38002553BE /* SearchViewController.swift in Sources */ = {isa = PBXBuildFile; fileRef = 8392732026EBEC38002553BE /* SearchViewController.swift */; };
		8392732426ECA0F7002553BE /* CalorieManager.swift in Sources */ = {isa = PBXBuildFile; fileRef = 8392732326ECA0F7002553BE /* CalorieManager.swift */; };
		8392732726ED441A002553BE /* CalorieData.swift in Sources */ = {isa = PBXBuildFile; fileRef = 8392732626ED441A002553BE /* CalorieData.swift */; };
		8392732B26EDFF8D002553BE /* CalorieModel.swift in Sources */ = {isa = PBXBuildFile; fileRef = 8392732A26EDFF8D002553BE /* CalorieModel.swift */; };
		8392733526EE2609002553BE /* LogViewController.swift in Sources */ = {isa = PBXBuildFile; fileRef = 8392733326EE2609002553BE /* LogViewController.swift */; };
		8392737A26F31D05002553BE /* CalculatorBrainTests.swift in Sources */ = {isa = PBXBuildFile; fileRef = 8392737926F31D05002553BE /* CalculatorBrainTests.swift */; };
		8392738026F323B9002553BE /* CalorieManagerTests.swift in Sources */ = {isa = PBXBuildFile; fileRef = 8392737F26F323B9002553BE /* CalorieManagerTests.swift */; };
		8392738A26F34909002553BE /* SearchViewControllerTests.swift in Sources */ = {isa = PBXBuildFile; fileRef = 8392738926F34909002553BE /* SearchViewControllerTests.swift */; };
		8392738E26F34CE0002553BE /* MyDayViewControllerTests.swift in Sources */ = {isa = PBXBuildFile; fileRef = 8392738D26F34CE0002553BE /* MyDayViewControllerTests.swift */; };
		8392739226F3550D002553BE /* LogViewControllerTests.swift in Sources */ = {isa = PBXBuildFile; fileRef = 8392739126F3550D002553BE /* LogViewControllerTests.swift */; };
/* End PBXBuildFile section */

/* Begin PBXContainerItemProxy section */
		8392736626F12944002553BE /* PBXContainerItemProxy */ = {
			isa = PBXContainerItemProxy;
			containerPortal = 839272CE26E63FBB002553BE /* Project object */;
			proxyType = 1;
			remoteGlobalIDString = 839272D526E63FBB002553BE;
			remoteInfo = "Lose It!";
		};
/* End PBXContainerItemProxy section */

/* Begin PBXFileReference section */
		839272D626E63FBB002553BE /* Lose It!.app */ = {isa = PBXFileReference; explicitFileType = wrapper.application; includeInIndex = 0; path = "Lose It!.app"; sourceTree = BUILT_PRODUCTS_DIR; };
		839272D926E63FBB002553BE /* AppDelegate.swift */ = {isa = PBXFileReference; lastKnownFileType = sourcecode.swift; path = AppDelegate.swift; sourceTree = "<group>"; };
		839272DB26E63FBB002553BE /* SceneDelegate.swift */ = {isa = PBXFileReference; lastKnownFileType = sourcecode.swift; path = SceneDelegate.swift; sourceTree = "<group>"; };
		839272DD26E63FBB002553BE /* ViewController.swift */ = {isa = PBXFileReference; lastKnownFileType = sourcecode.swift; path = ViewController.swift; sourceTree = "<group>"; };
		839272E026E63FBB002553BE /* Base */ = {isa = PBXFileReference; lastKnownFileType = file.storyboard; name = Base; path = Base.lproj/Main.storyboard; sourceTree = "<group>"; };
		839272E226E63FBD002553BE /* Assets.xcassets */ = {isa = PBXFileReference; lastKnownFileType = folder.assetcatalog; path = Assets.xcassets; sourceTree = "<group>"; };
		839272E526E63FBD002553BE /* Base */ = {isa = PBXFileReference; lastKnownFileType = file.storyboard; name = Base; path = Base.lproj/LaunchScreen.storyboard; sourceTree = "<group>"; };
		839272E726E63FBD002553BE /* Info.plist */ = {isa = PBXFileReference; lastKnownFileType = text.plist.xml; path = Info.plist; sourceTree = "<group>"; };
		839272F026E75038002553BE /* InfoViewController.swift */ = {isa = PBXFileReference; lastKnownFileType = sourcecode.swift; path = InfoViewController.swift; sourceTree = "<group>"; };
		839272FA26E78FAE002553BE /* EstimateViewController.swift */ = {isa = PBXFileReference; lastKnownFileType = sourcecode.swift; path = EstimateViewController.swift; sourceTree = "<group>"; };
		8392730226E79A5D002553BE /* MyDayViewController.swift */ = {isa = PBXFileReference; lastKnownFileType = sourcecode.swift; path = MyDayViewController.swift; sourceTree = "<group>"; };
		8392731126E95006002553BE /* ExerciseViewController.swift */ = {isa = PBXFileReference; lastKnownFileType = sourcecode.swift; path = ExerciseViewController.swift; sourceTree = "<group>"; };
		8392731726EA2F61002553BE /* Calories.swift */ = {isa = PBXFileReference; lastKnownFileType = sourcecode.swift; path = Calories.swift; sourceTree = "<group>"; };
		8392731B26EA349B002553BE /* CalculatorBrain.swift */ = {isa = PBXFileReference; lastKnownFileType = sourcecode.swift; path = CalculatorBrain.swift; sourceTree = "<group>"; };
		8392732026EBEC38002553BE /* SearchViewController.swift */ = {isa = PBXFileReference; lastKnownFileType = sourcecode.swift; path = SearchViewController.swift; sourceTree = "<group>"; };
		8392732326ECA0F7002553BE /* CalorieManager.swift */ = {isa = PBXFileReference; lastKnownFileType = sourcecode.swift; path = CalorieManager.swift; sourceTree = "<group>"; };
		8392732626ED441A002553BE /* CalorieData.swift */ = {isa = PBXFileReference; lastKnownFileType = sourcecode.swift; path = CalorieData.swift; sourceTree = "<group>"; };
		8392732A26EDFF8D002553BE /* CalorieModel.swift */ = {isa = PBXFileReference; lastKnownFileType = sourcecode.swift; path = CalorieModel.swift; sourceTree = "<group>"; };
		8392733326EE2609002553BE /* LogViewController.swift */ = {isa = PBXFileReference; lastKnownFileType = sourcecode.swift; path = LogViewController.swift; sourceTree = "<group>"; };
		8392736126F12944002553BE /* Lose It!Tests.xctest */ = {isa = PBXFileReference; explicitFileType = wrapper.cfbundle; includeInIndex = 0; path = "Lose It!Tests.xctest"; sourceTree = BUILT_PRODUCTS_DIR; };
		8392736526F12944002553BE /* Info.plist */ = {isa = PBXFileReference; lastKnownFileType = text.plist.xml; path = Info.plist; sourceTree = "<group>"; };
		8392737926F31D05002553BE /* CalculatorBrainTests.swift */ = {isa = PBXFileReference; lastKnownFileType = sourcecode.swift; path = CalculatorBrainTests.swift; sourceTree = "<group>"; };
		8392737F26F323B9002553BE /* CalorieManagerTests.swift */ = {isa = PBXFileReference; lastKnownFileType = sourcecode.swift; path = CalorieManagerTests.swift; sourceTree = "<group>"; };
		8392738926F34909002553BE /* SearchViewControllerTests.swift */ = {isa = PBXFileReference; lastKnownFileType = sourcecode.swift; path = SearchViewControllerTests.swift; sourceTree = "<group>"; };
		8392738D26F34CE0002553BE /* MyDayViewControllerTests.swift */ = {isa = PBXFileReference; lastKnownFileType = sourcecode.swift; path = MyDayViewControllerTests.swift; sourceTree = "<group>"; };
		8392739126F3550D002553BE /* LogViewControllerTests.swift */ = {isa = PBXFileReference; lastKnownFileType = sourcecode.swift; path = LogViewControllerTests.swift; sourceTree = "<group>"; };
/* End PBXFileReference section */

/* Begin PBXFrameworksBuildPhase section */
		839272D326E63FBB002553BE /* Frameworks */ = {
			isa = PBXFrameworksBuildPhase;
			buildActionMask = 2147483647;
			files = (
			);
			runOnlyForDeploymentPostprocessing = 0;
		};
		8392735E26F12944002553BE /* Frameworks */ = {
			isa = PBXFrameworksBuildPhase;
			buildActionMask = 2147483647;
			files = (
			);
			runOnlyForDeploymentPostprocessing = 0;
		};
/* End PBXFrameworksBuildPhase section */

/* Begin PBXGroup section */
		839272CD26E63FBB002553BE = {
			isa = PBXGroup;
			children = (
				839272D826E63FBB002553BE /* Lose It! */,
				8392736226F12944002553BE /* Lose It!Tests */,
				839272D726E63FBB002553BE /* Products */,
			);
			sourceTree = "<group>";
		};
		839272D726E63FBB002553BE /* Products */ = {
			isa = PBXGroup;
			children = (
				839272D626E63FBB002553BE /* Lose It!.app */,
				8392736126F12944002553BE /* Lose It!Tests.xctest */,
			);
			name = Products;
			sourceTree = "<group>";
		};
		839272D826E63FBB002553BE /* Lose It! */ = {
			isa = PBXGroup;
			children = (
				839272D926E63FBB002553BE /* AppDelegate.swift */,
				839272DB26E63FBB002553BE /* SceneDelegate.swift */,
				8392731626EA2F43002553BE /* Model */,
				839272EE26E75013002553BE /* Controllers */,
				8392730526E79A63002553BE /* View */,
				839272E226E63FBD002553BE /* Assets.xcassets */,
				839272E426E63FBD002553BE /* LaunchScreen.storyboard */,
				839272E726E63FBD002553BE /* Info.plist */,
			);
			path = "Lose It!";
			sourceTree = "<group>";
		};
		839272EE26E75013002553BE /* Controllers */ = {
			isa = PBXGroup;
			children = (
				839272DD26E63FBB002553BE /* ViewController.swift */,
				8392731126E95006002553BE /* ExerciseViewController.swift */,
				839272F026E75038002553BE /* InfoViewController.swift */,
				839272FA26E78FAE002553BE /* EstimateViewController.swift */,
				8392730226E79A5D002553BE /* MyDayViewController.swift */,
				8392733326EE2609002553BE /* LogViewController.swift */,
				8392732026EBEC38002553BE /* SearchViewController.swift */,
			);
			path = Controllers;
			sourceTree = "<group>";
		};
		8392730526E79A63002553BE /* View */ = {
			isa = PBXGroup;
			children = (
				839272DF26E63FBB002553BE /* Main.storyboard */,
			);
			path = View;
			sourceTree = "<group>";
		};
		8392731626EA2F43002553BE /* Model */ = {
			isa = PBXGroup;
			children = (
				8392731B26EA349B002553BE /* CalculatorBrain.swift */,
				8392731726EA2F61002553BE /* Calories.swift */,
				8392732326ECA0F7002553BE /* CalorieManager.swift */,
				8392732626ED441A002553BE /* CalorieData.swift */,
				8392732A26EDFF8D002553BE /* CalorieModel.swift */,
			);
			path = Model;
			sourceTree = "<group>";
		};
		8392736226F12944002553BE /* Lose It!Tests */ = {
			isa = PBXGroup;
			children = (
				8392736526F12944002553BE /* Info.plist */,
				8392737926F31D05002553BE /* CalculatorBrainTests.swift */,
				8392737F26F323B9002553BE /* CalorieManagerTests.swift */,
				8392738926F34909002553BE /* SearchViewControllerTests.swift */,
				8392738D26F34CE0002553BE /* MyDayViewControllerTests.swift */,
				8392739126F3550D002553BE /* LogViewControllerTests.swift */,
			);
			path = "Lose It!Tests";
			sourceTree = "<group>";
		};
/* End PBXGroup section */

/* Begin PBXNativeTarget section */
		839272D526E63FBB002553BE /* Lose It! */ = {
			isa = PBXNativeTarget;
			buildConfigurationList = 839272EA26E63FBD002553BE /* Build configuration list for PBXNativeTarget "Lose It!" */;
			buildPhases = (
				839272D226E63FBB002553BE /* Sources */,
				839272D326E63FBB002553BE /* Frameworks */,
				839272D426E63FBB002553BE /* Resources */,
			);
			buildRules = (
			);
			dependencies = (
			);
			name = "Lose It!";
			productName = "Lose It!";
			productReference = 839272D626E63FBB002553BE /* Lose It!.app */;
			productType = "com.apple.product-type.application";
		};
		8392736026F12944002553BE /* Lose It!Tests */ = {
			isa = PBXNativeTarget;
			buildConfigurationList = 8392736826F12944002553BE /* Build configuration list for PBXNativeTarget "Lose It!Tests" */;
			buildPhases = (
				8392735D26F12944002553BE /* Sources */,
				8392735E26F12944002553BE /* Frameworks */,
				8392735F26F12944002553BE /* Resources */,
			);
			buildRules = (
			);
			dependencies = (
				8392736726F12944002553BE /* PBXTargetDependency */,
			);
			name = "Lose It!Tests";
			productName = "Lose It!Tests";
			productReference = 8392736126F12944002553BE /* Lose It!Tests.xctest */;
			productType = "com.apple.product-type.bundle.unit-test";
		};
/* End PBXNativeTarget section */

/* Begin PBXProject section */
		839272CE26E63FBB002553BE /* Project object */ = {
			isa = PBXProject;
			attributes = {
				LastSwiftUpdateCheck = 1200;
				LastUpgradeCheck = 1200;
				TargetAttributes = {
					839272D526E63FBB002553BE = {
						CreatedOnToolsVersion = 12.0.1;
					};
					8392736026F12944002553BE = {
						CreatedOnToolsVersion = 12.0.1;
						TestTargetID = 839272D526E63FBB002553BE;
					};
				};
			};
			buildConfigurationList = 839272D126E63FBB002553BE /* Build configuration list for PBXProject "Lose It!" */;
			compatibilityVersion = "Xcode 9.3";
			developmentRegion = en;
			hasScannedForEncodings = 0;
			knownRegions = (
				en,
				Base,
			);
			mainGroup = 839272CD26E63FBB002553BE;
			productRefGroup = 839272D726E63FBB002553BE /* Products */;
			projectDirPath = "";
			projectRoot = "";
			targets = (
				839272D526E63FBB002553BE /* Lose It! */,
				8392736026F12944002553BE /* Lose It!Tests */,
			);
		};
/* End PBXProject section */

/* Begin PBXResourcesBuildPhase section */
		839272D426E63FBB002553BE /* Resources */ = {
			isa = PBXResourcesBuildPhase;
			buildActionMask = 2147483647;
			files = (
				839272E626E63FBD002553BE /* LaunchScreen.storyboard in Resources */,
				839272E326E63FBD002553BE /* Assets.xcassets in Resources */,
				839272E126E63FBB002553BE /* Main.storyboard in Resources */,
			);
			runOnlyForDeploymentPostprocessing = 0;
		};
		8392735F26F12944002553BE /* Resources */ = {
			isa = PBXResourcesBuildPhase;
			buildActionMask = 2147483647;
			files = (
			);
			runOnlyForDeploymentPostprocessing = 0;
		};
/* End PBXResourcesBuildPhase section */

/* Begin PBXSourcesBuildPhase section */
		839272D226E63FBB002553BE /* Sources */ = {
			isa = PBXSourcesBuildPhase;
			buildActionMask = 2147483647;
			files = (
				839272FB26E78FAE002553BE /* EstimateViewController.swift in Sources */,
				8392732426ECA0F7002553BE /* CalorieManager.swift in Sources */,
				8392732126EBEC38002553BE /* SearchViewController.swift in Sources */,
				8392731826EA2F61002553BE /* Calories.swift in Sources */,
				839272DE26E63FBB002553BE /* ViewController.swift in Sources */,
				8392733526EE2609002553BE /* LogViewController.swift in Sources */,
				8392730326E79A5D002553BE /* MyDayViewController.swift in Sources */,
				8392732726ED441A002553BE /* CalorieData.swift in Sources */,
				839272DA26E63FBB002553BE /* AppDelegate.swift in Sources */,
				839272F126E75038002553BE /* InfoViewController.swift in Sources */,
				8392731226E95006002553BE /* ExerciseViewController.swift in Sources */,
				8392732B26EDFF8D002553BE /* CalorieModel.swift in Sources */,
				8392731C26EA349B002553BE /* CalculatorBrain.swift in Sources */,
				839272DC26E63FBB002553BE /* SceneDelegate.swift in Sources */,
			);
			runOnlyForDeploymentPostprocessing = 0;
		};
		8392735D26F12944002553BE /* Sources */ = {
			isa = PBXSourcesBuildPhase;
			buildActionMask = 2147483647;
			files = (
				8392737A26F31D05002553BE /* CalculatorBrainTests.swift in Sources */,
				8392738026F323B9002553BE /* CalorieManagerTests.swift in Sources */,
				8392739226F3550D002553BE /* LogViewControllerTests.swift in Sources */,
				8392738A26F34909002553BE /* SearchViewControllerTests.swift in Sources */,
				8392738E26F34CE0002553BE /* MyDayViewControllerTests.swift in Sources */,
			);
			runOnlyForDeploymentPostprocessing = 0;
		};
/* End PBXSourcesBuildPhase section */

/* Begin PBXTargetDependency section */
		8392736726F12944002553BE /* PBXTargetDependency */ = {
			isa = PBXTargetDependency;
			target = 839272D526E63FBB002553BE /* Lose It! */;
			targetProxy = 8392736626F12944002553BE /* PBXContainerItemProxy */;
		};
/* End PBXTargetDependency section */

/* Begin PBXVariantGroup section */
		839272DF26E63FBB002553BE /* Main.storyboard */ = {
			isa = PBXVariantGroup;
			children = (
				839272E026E63FBB002553BE /* Base */,
			);
			name = Main.storyboard;
			sourceTree = "<group>";
		};
		839272E426E63FBD002553BE /* LaunchScreen.storyboard */ = {
			isa = PBXVariantGroup;
			children = (
				839272E526E63FBD002553BE /* Base */,
			);
			name = LaunchScreen.storyboard;
			sourceTree = "<group>";
		};
/* End PBXVariantGroup section */

/* Begin XCBuildConfiguration section */
		839272E826E63FBD002553BE /* Debug */ = {
			isa = XCBuildConfiguration;
			buildSettings = {
				ALWAYS_SEARCH_USER_PATHS = NO;
				CLANG_ANALYZER_NONNULL = YES;
				CLANG_ANALYZER_NUMBER_OBJECT_CONVERSION = YES_AGGRESSIVE;
				CLANG_CXX_LANGUAGE_STANDARD = "gnu++14";
				CLANG_CXX_LIBRARY = "libc++";
				CLANG_ENABLE_MODULES = YES;
				CLANG_ENABLE_OBJC_ARC = YES;
				CLANG_ENABLE_OBJC_WEAK = YES;
				CLANG_WARN_BLOCK_CAPTURE_AUTORELEASING = YES;
				CLANG_WARN_BOOL_CONVERSION = YES;
				CLANG_WARN_COMMA = YES;
				CLANG_WARN_CONSTANT_CONVERSION = YES;
				CLANG_WARN_DEPRECATED_OBJC_IMPLEMENTATIONS = YES;
				CLANG_WARN_DIRECT_OBJC_ISA_USAGE = YES_ERROR;
				CLANG_WARN_DOCUMENTATION_COMMENTS = YES;
				CLANG_WARN_EMPTY_BODY = YES;
				CLANG_WARN_ENUM_CONVERSION = YES;
				CLANG_WARN_INFINITE_RECURSION = YES;
				CLANG_WARN_INT_CONVERSION = YES;
				CLANG_WARN_NON_LITERAL_NULL_CONVERSION = YES;
				CLANG_WARN_OBJC_IMPLICIT_RETAIN_SELF = YES;
				CLANG_WARN_OBJC_LITERAL_CONVERSION = YES;
				CLANG_WARN_OBJC_ROOT_CLASS = YES_ERROR;
				CLANG_WARN_QUOTED_INCLUDE_IN_FRAMEWORK_HEADER = YES;
				CLANG_WARN_RANGE_LOOP_ANALYSIS = YES;
				CLANG_WARN_STRICT_PROTOTYPES = YES;
				CLANG_WARN_SUSPICIOUS_MOVE = YES;
				CLANG_WARN_UNGUARDED_AVAILABILITY = YES_AGGRESSIVE;
				CLANG_WARN_UNREACHABLE_CODE = YES;
				CLANG_WARN__DUPLICATE_METHOD_MATCH = YES;
				COPY_PHASE_STRIP = NO;
				DEBUG_INFORMATION_FORMAT = dwarf;
				ENABLE_STRICT_OBJC_MSGSEND = YES;
				ENABLE_TESTABILITY = YES;
				GCC_C_LANGUAGE_STANDARD = gnu11;
				GCC_DYNAMIC_NO_PIC = NO;
				GCC_NO_COMMON_BLOCKS = YES;
				GCC_OPTIMIZATION_LEVEL = 0;
				GCC_PREPROCESSOR_DEFINITIONS = (
					"DEBUG=1",
					"$(inherited)",
				);
				GCC_WARN_64_TO_32_BIT_CONVERSION = YES;
				GCC_WARN_ABOUT_RETURN_TYPE = YES_ERROR;
				GCC_WARN_UNDECLARED_SELECTOR = YES;
				GCC_WARN_UNINITIALIZED_AUTOS = YES_AGGRESSIVE;
				GCC_WARN_UNUSED_FUNCTION = YES;
				GCC_WARN_UNUSED_VARIABLE = YES;
				IPHONEOS_DEPLOYMENT_TARGET = 14.0;
				MTL_ENABLE_DEBUG_INFO = INCLUDE_SOURCE;
				MTL_FAST_MATH = YES;
				ONLY_ACTIVE_ARCH = YES;
				SDKROOT = iphoneos;
				SWIFT_ACTIVE_COMPILATION_CONDITIONS = DEBUG;
				SWIFT_OPTIMIZATION_LEVEL = "-Onone";
			};
			name = Debug;
		};
		839272E926E63FBD002553BE /* Release */ = {
			isa = XCBuildConfiguration;
			buildSettings = {
				ALWAYS_SEARCH_USER_PATHS = NO;
				CLANG_ANALYZER_NONNULL = YES;
				CLANG_ANALYZER_NUMBER_OBJECT_CONVERSION = YES_AGGRESSIVE;
				CLANG_CXX_LANGUAGE_STANDARD = "gnu++14";
				CLANG_CXX_LIBRARY = "libc++";
				CLANG_ENABLE_MODULES = YES;
				CLANG_ENABLE_OBJC_ARC = YES;
				CLANG_ENABLE_OBJC_WEAK = YES;
				CLANG_WARN_BLOCK_CAPTURE_AUTORELEASING = YES;
				CLANG_WARN_BOOL_CONVERSION = YES;
				CLANG_WARN_COMMA = YES;
				CLANG_WARN_CONSTANT_CONVERSION = YES;
				CLANG_WARN_DEPRECATED_OBJC_IMPLEMENTATIONS = YES;
				CLANG_WARN_DIRECT_OBJC_ISA_USAGE = YES_ERROR;
				CLANG_WARN_DOCUMENTATION_COMMENTS = YES;
				CLANG_WARN_EMPTY_BODY = YES;
				CLANG_WARN_ENUM_CONVERSION = YES;
				CLANG_WARN_INFINITE_RECURSION = YES;
				CLANG_WARN_INT_CONVERSION = YES;
				CLANG_WARN_NON_LITERAL_NULL_CONVERSION = YES;
				CLANG_WARN_OBJC_IMPLICIT_RETAIN_SELF = YES;
				CLANG_WARN_OBJC_LITERAL_CONVERSION = YES;
				CLANG_WARN_OBJC_ROOT_CLASS = YES_ERROR;
				CLANG_WARN_QUOTED_INCLUDE_IN_FRAMEWORK_HEADER = YES;
				CLANG_WARN_RANGE_LOOP_ANALYSIS = YES;
				CLANG_WARN_STRICT_PROTOTYPES = YES;
				CLANG_WARN_SUSPICIOUS_MOVE = YES;
				CLANG_WARN_UNGUARDED_AVAILABILITY = YES_AGGRESSIVE;
				CLANG_WARN_UNREACHABLE_CODE = YES;
				CLANG_WARN__DUPLICATE_METHOD_MATCH = YES;
				COPY_PHASE_STRIP = NO;
				DEBUG_INFORMATION_FORMAT = "dwarf-with-dsym";
				ENABLE_NS_ASSERTIONS = NO;
				ENABLE_STRICT_OBJC_MSGSEND = YES;
				GCC_C_LANGUAGE_STANDARD = gnu11;
				GCC_NO_COMMON_BLOCKS = YES;
				GCC_WARN_64_TO_32_BIT_CONVERSION = YES;
				GCC_WARN_ABOUT_RETURN_TYPE = YES_ERROR;
				GCC_WARN_UNDECLARED_SELECTOR = YES;
				GCC_WARN_UNINITIALIZED_AUTOS = YES_AGGRESSIVE;
				GCC_WARN_UNUSED_FUNCTION = YES;
				GCC_WARN_UNUSED_VARIABLE = YES;
				IPHONEOS_DEPLOYMENT_TARGET = 14.0;
				MTL_ENABLE_DEBUG_INFO = NO;
				MTL_FAST_MATH = YES;
				SDKROOT = iphoneos;
				SWIFT_COMPILATION_MODE = wholemodule;
				SWIFT_OPTIMIZATION_LEVEL = "-O";
				VALIDATE_PRODUCT = YES;
			};
			name = Release;
		};
		839272EB26E63FBD002553BE /* Debug */ = {
			isa = XCBuildConfiguration;
			buildSettings = {
				ASSETCATALOG_COMPILER_APPICON_NAME = AppIcon;
				ASSETCATALOG_COMPILER_GLOBAL_ACCENT_COLOR_NAME = AccentColor;
				CODE_SIGN_STYLE = Automatic;
				DEVELOPMENT_TEAM = 7GLG29GZSU;
				INFOPLIST_FILE = "Lose It!/Info.plist";
				IPHONEOS_DEPLOYMENT_TARGET = 13.6;
				LD_RUNPATH_SEARCH_PATHS = (
					"$(inherited)",
					"@executable_path/Frameworks",
				);
				PRODUCT_BUNDLE_IDENTIFIER = "com.Iamrich.Lose-It-";
				PRODUCT_NAME = "$(TARGET_NAME)";
				SWIFT_VERSION = 5.0;
				TARGETED_DEVICE_FAMILY = "1,2";
			};
			name = Debug;
		};
		839272EC26E63FBD002553BE /* Release */ = {
			isa = XCBuildConfiguration;
			buildSettings = {
				ASSETCATALOG_COMPILER_APPICON_NAME = AppIcon;
				ASSETCATALOG_COMPILER_GLOBAL_ACCENT_COLOR_NAME = AccentColor;
				CODE_SIGN_STYLE = Automatic;
				DEVELOPMENT_TEAM = 7GLG29GZSU;
				INFOPLIST_FILE = "Lose It!/Info.plist";
				IPHONEOS_DEPLOYMENT_TARGET = 13.6;
				LD_RUNPATH_SEARCH_PATHS = (
					"$(inherited)",
					"@executable_path/Frameworks",
				);
				PRODUCT_BUNDLE_IDENTIFIER = "com.Iamrich.Lose-It-";
				PRODUCT_NAME = "$(TARGET_NAME)";
				SWIFT_VERSION = 5.0;
				TARGETED_DEVICE_FAMILY = "1,2";
			};
			name = Release;
		};
		8392736926F12944002553BE /* Debug */ = {
			isa = XCBuildConfiguration;
			buildSettings = {
				BUNDLE_LOADER = "$(TEST_HOST)";
				CODE_SIGN_STYLE = Automatic;
				DEVELOPMENT_TEAM = 7GLG29GZSU;
				INFOPLIST_FILE = "Lose It!Tests/Info.plist";
				LD_RUNPATH_SEARCH_PATHS = (
					"$(inherited)",
					"@executable_path/Frameworks",
					"@loader_path/Frameworks",
				);
				PRODUCT_BUNDLE_IDENTIFIER = "com.Iamrich.Lose-It-Tests";
				PRODUCT_NAME = "$(TARGET_NAME)";
				SWIFT_VERSION = 5.0;
				TARGETED_DEVICE_FAMILY = "1,2";
				TEST_HOST = "$(BUILT_PRODUCTS_DIR)/Lose It!.app/Lose It!";
			};
			name = Debug;
		};
		8392736A26F12944002553BE /* Release */ = {
			isa = XCBuildConfiguration;
			buildSettings = {
				BUNDLE_LOADER = "$(TEST_HOST)";
				CODE_SIGN_STYLE = Automatic;
				DEVELOPMENT_TEAM = 7GLG29GZSU;
				INFOPLIST_FILE = "Lose It!Tests/Info.plist";
				LD_RUNPATH_SEARCH_PATHS = (
					"$(inherited)",
					"@executable_path/Frameworks",
					"@loader_path/Frameworks",
				);
				PRODUCT_BUNDLE_IDENTIFIER = "com.Iamrich.Lose-It-Tests";
				PRODUCT_NAME = "$(TARGET_NAME)";
				SWIFT_VERSION = 5.0;
				TARGETED_DEVICE_FAMILY = "1,2";
				TEST_HOST = "$(BUILT_PRODUCTS_DIR)/Lose It!.app/Lose It!";
			};
			name = Release;
		};
/* End XCBuildConfiguration section */

/* Begin XCConfigurationList section */
		839272D126E63FBB002553BE /* Build configuration list for PBXProject "Lose It!" */ = {
			isa = XCConfigurationList;
			buildConfigurations = (
				839272E826E63FBD002553BE /* Debug */,
				839272E926E63FBD002553BE /* Release */,
			);
			defaultConfigurationIsVisible = 0;
			defaultConfigurationName = Release;
		};
		839272EA26E63FBD002553BE /* Build configuration list for PBXNativeTarget "Lose It!" */ = {
			isa = XCConfigurationList;
			buildConfigurations = (
				839272EB26E63FBD002553BE /* Debug */,
				839272EC26E63FBD002553BE /* Release */,
			);
			defaultConfigurationIsVisible = 0;
			defaultConfigurationName = Release;
		};
		8392736826F12944002553BE /* Build configuration list for PBXNativeTarget "Lose It!Tests" */ = {
			isa = XCConfigurationList;
			buildConfigurations = (
				8392736926F12944002553BE /* Debug */,
				8392736A26F12944002553BE /* Release */,
			);
			defaultConfigurationIsVisible = 0;
			defaultConfigurationName = Release;
		};
/* End XCConfigurationList section */
	};
	rootObject = 839272CE26E63FBB002553BE /* Project object */;
}
